// !$*UTF8*$!
{
	archiveVersion = 1;
	classes = {
	};
	objectVersion = 48;
	objects = {

/* Begin PBXBuildFile section */
		3B58C5A81FF3A86F00F6D3FD /* AppDelegate.m in Sources */ = {isa = PBXBuildFile; fileRef = 3B58C5A71FF3A86F00F6D3FD /* AppDelegate.m */; };
		3B58C5AB1FF3A86F00F6D3FD /* ViewController.m in Sources */ = {isa = PBXBuildFile; fileRef = 3B58C5AA1FF3A86F00F6D3FD /* ViewController.m */; };
		3B58C5AE1FF3A86F00F6D3FD /* Main.storyboard in Resources */ = {isa = PBXBuildFile; fileRef = 3B58C5AC1FF3A86F00F6D3FD /* Main.storyboard */; };
		3B58C5B01FF3A86F00F6D3FD /* Assets.xcassets in Resources */ = {isa = PBXBuildFile; fileRef = 3B58C5AF1FF3A86F00F6D3FD /* Assets.xcassets */; };
		3B58C5B31FF3A86F00F6D3FD /* LaunchScreen.storyboard in Resources */ = {isa = PBXBuildFile; fileRef = 3B58C5B11FF3A86F00F6D3FD /* LaunchScreen.storyboard */; };
		3B58C5B61FF3A86F00F6D3FD /* main.m in Sources */ = {isa = PBXBuildFile; fileRef = 3B58C5B51FF3A86F00F6D3FD /* main.m */; };
		3B58C5C01FF3A87000F6D3FD /* PopoverPresentationTests.m in Sources */ = {isa = PBXBuildFile; fileRef = 3B58C5BF1FF3A87000F6D3FD /* PopoverPresentationTests.m */; };
		3B58C5CB1FF3A87000F6D3FD /* PopoverPresentationUITests.m in Sources */ = {isa = PBXBuildFile; fileRef = 3B58C5CA1FF3A87000F6D3FD /* PopoverPresentationUITests.m */; };
		3B58C5DA1FF3A8BB00F6D3FD /* UIViewController+PopoverPresent.m in Sources */ = {isa = PBXBuildFile; fileRef = 3B58C5D91FF3A8BB00F6D3FD /* UIViewController+PopoverPresent.m */; };
		3B58C5DD1FF3AB8B00F6D3FD /* UIView+MJExtension.m in Sources */ = {isa = PBXBuildFile; fileRef = 3B58C5DB1FF3AB8A00F6D3FD /* UIView+MJExtension.m */; };
/* End PBXBuildFile section */

/* Begin PBXContainerItemProxy section */
		3B58C5BC1FF3A87000F6D3FD /* PBXContainerItemProxy */ = {
			isa = PBXContainerItemProxy;
			containerPortal = 3B58C59B1FF3A86F00F6D3FD /* Project object */;
			proxyType = 1;
			remoteGlobalIDString = 3B58C5A21FF3A86F00F6D3FD;
			remoteInfo = PopoverPresentation;
		};
		3B58C5C71FF3A87000F6D3FD /* PBXContainerItemProxy */ = {
			isa = PBXContainerItemProxy;
			containerPortal = 3B58C59B1FF3A86F00F6D3FD /* Project object */;
			proxyType = 1;
			remoteGlobalIDString = 3B58C5A21FF3A86F00F6D3FD;
			remoteInfo = PopoverPresentation;
		};
/* End PBXContainerItemProxy section */

/* Begin PBXFileReference section */
		3B58C5A31FF3A86F00F6D3FD /* PopoverPresentation.app */ = {isa = PBXFileReference; explicitFileType = wrapper.application; includeInIndex = 0; path = PopoverPresentation.app; sourceTree = BUILT_PRODUCTS_DIR; };
		3B58C5A61FF3A86F00F6D3FD /* AppDelegate.h */ = {isa = PBXFileReference; lastKnownFileType = sourcecode.c.h; path = AppDelegate.h; sourceTree = "<group>"; };
		3B58C5A71FF3A86F00F6D3FD /* AppDelegate.m */ = {isa = PBXFileReference; lastKnownFileType = sourcecode.c.objc; path = AppDelegate.m; sourceTree = "<group>"; };
		3B58C5A91FF3A86F00F6D3FD /* ViewController.h */ = {isa = PBXFileReference; lastKnownFileType = sourcecode.c.h; path = ViewController.h; sourceTree = "<group>"; };
		3B58C5AA1FF3A86F00F6D3FD /* ViewController.m */ = {isa = PBXFileReference; lastKnownFileType = sourcecode.c.objc; path = ViewController.m; sourceTree = "<group>"; };
		3B58C5AD1FF3A86F00F6D3FD /* Base */ = {isa = PBXFileReference; lastKnownFileType = file.storyboard; name = Base; path = Base.lproj/Main.storyboard; sourceTree = "<group>"; };
		3B58C5AF1FF3A86F00F6D3FD /* Assets.xcassets */ = {isa = PBXFileReference; lastKnownFileType = folder.assetcatalog; path = Assets.xcassets; sourceTree = "<group>"; };
		3B58C5B21FF3A86F00F6D3FD /* Base */ = {isa = PBXFileReference; lastKnownFileType = file.storyboard; name = Base; path = Base.lproj/LaunchScreen.storyboard; sourceTree = "<group>"; };
		3B58C5B41FF3A86F00F6D3FD /* Info.plist */ = {isa = PBXFileReference; lastKnownFileType = text.plist.xml; path = Info.plist; sourceTree = "<group>"; };
		3B58C5B51FF3A86F00F6D3FD /* main.m */ = {isa = PBXFileReference; lastKnownFileType = sourcecode.c.objc; path = main.m; sourceTree = "<group>"; };
		3B58C5BB1FF3A87000F6D3FD /* PopoverPresentationTests.xctest */ = {isa = PBXFileReference; explicitFileType = wrapper.cfbundle; includeInIndex = 0; path = PopoverPresentationTests.xctest; sourceTree = BUILT_PRODUCTS_DIR; };
		3B58C5BF1FF3A87000F6D3FD /* PopoverPresentationTests.m */ = {isa = PBXFileReference; lastKnownFileType = sourcecode.c.objc; path = PopoverPresentationTests.m; sourceTree = "<group>"; };
		3B58C5C11FF3A87000F6D3FD /* Info.plist */ = {isa = PBXFileReference; lastKnownFileType = text.plist.xml; path = Info.plist; sourceTree = "<group>"; };
		3B58C5C61FF3A87000F6D3FD /* PopoverPresentationUITests.xctest */ = {isa = PBXFileReference; explicitFileType = wrapper.cfbundle; includeInIndex = 0; path = PopoverPresentationUITests.xctest; sourceTree = BUILT_PRODUCTS_DIR; };
		3B58C5CA1FF3A87000F6D3FD /* PopoverPresentationUITests.m */ = {isa = PBXFileReference; lastKnownFileType = sourcecode.c.objc; path = PopoverPresentationUITests.m; sourceTree = "<group>"; };
		3B58C5CC1FF3A87000F6D3FD /* Info.plist */ = {isa = PBXFileReference; lastKnownFileType = text.plist.xml; path = Info.plist; sourceTree = "<group>"; };
		3B58C5D81FF3A8BB00F6D3FD /* UIViewController+PopoverPresent.h */ = {isa = PBXFileReference; fileEncoding = 4; lastKnownFileType = sourcecode.c.h; path = "UIViewController+PopoverPresent.h"; sourceTree = "<group>"; };
		3B58C5D91FF3A8BB00F6D3FD /* UIViewController+PopoverPresent.m */ = {isa = PBXFileReference; fileEncoding = 4; lastKnownFileType = sourcecode.c.objc; path = "UIViewController+PopoverPresent.m"; sourceTree = "<group>"; };
		3B58C5DB1FF3AB8A00F6D3FD /* UIView+MJExtension.m */ = {isa = PBXFileReference; fileEncoding = 4; lastKnownFileType = sourcecode.c.objc; path = "UIView+MJExtension.m"; sourceTree = "<group>"; };
		3B58C5DC1FF3AB8A00F6D3FD /* UIView+MJExtension.h */ = {isa = PBXFileReference; fileEncoding = 4; lastKnownFileType = sourcecode.c.h; path = "UIView+MJExtension.h"; sourceTree = "<group>"; };
/* End PBXFileReference section */

/* Begin PBXFrameworksBuildPhase section */
		3B58C5A01FF3A86F00F6D3FD /* Frameworks */ = {
			isa = PBXFrameworksBuildPhase;
			buildActionMask = 2147483647;
			files = (
			);
			runOnlyForDeploymentPostprocessing = 0;
		};
		3B58C5B81FF3A87000F6D3FD /* Frameworks */ = {
			isa = PBXFrameworksBuildPhase;
			buildActionMask = 2147483647;
			files = (
			);
			runOnlyForDeploymentPostprocessing = 0;
		};
		3B58C5C31FF3A87000F6D3FD /* Frameworks */ = {
			isa = PBXFrameworksBuildPhase;
			buildActionMask = 2147483647;
			files = (
			);
			runOnlyForDeploymentPostprocessing = 0;
		};
/* End PBXFrameworksBuildPhase section */

/* Begin PBXGroup section */
		3B58C59A1FF3A86F00F6D3FD = {
			isa = PBXGroup;
			children = (
				3B58C5A51FF3A86F00F6D3FD /* PopoverPresentation */,
				3B58C5BE1FF3A87000F6D3FD /* PopoverPresentationTests */,
				3B58C5C91FF3A87000F6D3FD /* PopoverPresentationUITests */,
				3B58C5A41FF3A86F00F6D3FD /* Products */,
			);
			sourceTree = "<group>";
		};
		3B58C5A41FF3A86F00F6D3FD /* Products */ = {
			isa = PBXGroup;
			children = (
				3B58C5A31FF3A86F00F6D3FD /* PopoverPresentation.app */,
				3B58C5BB1FF3A87000F6D3FD /* PopoverPresentationTests.xctest */,
				3B58C5C61FF3A87000F6D3FD /* PopoverPresentationUITests.xctest */,
			);
			name = Products;
			sourceTree = "<group>";
		};
		3B58C5A51FF3A86F00F6D3FD /* PopoverPresentation */ = {
			isa = PBXGroup;
			children = (
				3B58C5DC1FF3AB8A00F6D3FD /* UIView+MJExtension.h */,
				3B58C5DB1FF3AB8A00F6D3FD /* UIView+MJExtension.m */,
				3B58C5D81FF3A8BB00F6D3FD /* UIViewController+PopoverPresent.h */,
				3B58C5D91FF3A8BB00F6D3FD /* UIViewController+PopoverPresent.m */,
				3B58C5A61FF3A86F00F6D3FD /* AppDelegate.h */,
				3B58C5A71FF3A86F00F6D3FD /* AppDelegate.m */,
				3B58C5A91FF3A86F00F6D3FD /* ViewController.h */,
				3B58C5AA1FF3A86F00F6D3FD /* ViewController.m */,
				3B58C5AC1FF3A86F00F6D3FD /* Main.storyboard */,
				3B58C5AF1FF3A86F00F6D3FD /* Assets.xcassets */,
				3B58C5B11FF3A86F00F6D3FD /* LaunchScreen.storyboard */,
				3B58C5B41FF3A86F00F6D3FD /* Info.plist */,
				3B58C5B51FF3A86F00F6D3FD /* main.m */,
			);
			path = PopoverPresentation;
			sourceTree = "<group>";
		};
		3B58C5BE1FF3A87000F6D3FD /* PopoverPresentationTests */ = {
			isa = PBXGroup;
			children = (
				3B58C5BF1FF3A87000F6D3FD /* PopoverPresentationTests.m */,
				3B58C5C11FF3A87000F6D3FD /* Info.plist */,
			);
			path = PopoverPresentationTests;
			sourceTree = "<group>";
		};
		3B58C5C91FF3A87000F6D3FD /* PopoverPresentationUITests */ = {
			isa = PBXGroup;
			children = (
				3B58C5CA1FF3A87000F6D3FD /* PopoverPresentationUITests.m */,
				3B58C5CC1FF3A87000F6D3FD /* Info.plist */,
			);
			path = PopoverPresentationUITests;
			sourceTree = "<group>";
		};
/* End PBXGroup section */

/* Begin PBXNativeTarget section */
		3B58C5A21FF3A86F00F6D3FD /* PopoverPresentation */ = {
			isa = PBXNativeTarget;
			buildConfigurationList = 3B58C5CF1FF3A87000F6D3FD /* Build configuration list for PBXNativeTarget "PopoverPresentation" */;
			buildPhases = (
				3B58C59F1FF3A86F00F6D3FD /* Sources */,
				3B58C5A01FF3A86F00F6D3FD /* Frameworks */,
				3B58C5A11FF3A86F00F6D3FD /* Resources */,
			);
			buildRules = (
			);
			dependencies = (
			);
			name = PopoverPresentation;
			productName = PopoverPresentation;
			productReference = 3B58C5A31FF3A86F00F6D3FD /* PopoverPresentation.app */;
			productType = "com.apple.product-type.application";
		};
		3B58C5BA1FF3A87000F6D3FD /* PopoverPresentationTests */ = {
			isa = PBXNativeTarget;
			buildConfigurationList = 3B58C5D21FF3A87000F6D3FD /* Build configuration list for PBXNativeTarget "PopoverPresentationTests" */;
			buildPhases = (
				3B58C5B71FF3A87000F6D3FD /* Sources */,
				3B58C5B81FF3A87000F6D3FD /* Frameworks */,
				3B58C5B91FF3A87000F6D3FD /* Resources */,
			);
			buildRules = (
			);
			dependencies = (
				3B58C5BD1FF3A87000F6D3FD /* PBXTargetDependency */,
			);
			name = PopoverPresentationTests;
			productName = PopoverPresentationTests;
			productReference = 3B58C5BB1FF3A87000F6D3FD /* PopoverPresentationTests.xctest */;
			productType = "com.apple.product-type.bundle.unit-test";
		};
		3B58C5C51FF3A87000F6D3FD /* PopoverPresentationUITests */ = {
			isa = PBXNativeTarget;
			buildConfigurationList = 3B58C5D51FF3A87000F6D3FD /* Build configuration list for PBXNativeTarget "PopoverPresentationUITests" */;
			buildPhases = (
				3B58C5C21FF3A87000F6D3FD /* Sources */,
				3B58C5C31FF3A87000F6D3FD /* Frameworks */,
				3B58C5C41FF3A87000F6D3FD /* Resources */,
			);
			buildRules = (
			);
			dependencies = (
				3B58C5C81FF3A87000F6D3FD /* PBXTargetDependency */,
			);
			name = PopoverPresentationUITests;
			productName = PopoverPresentationUITests;
			productReference = 3B58C5C61FF3A87000F6D3FD /* PopoverPresentationUITests.xctest */;
			productType = "com.apple.product-type.bundle.ui-testing";
		};
/* End PBXNativeTarget section */

/* Begin PBXProject section */
		3B58C59B1FF3A86F00F6D3FD /* Project object */ = {
			isa = PBXProject;
			attributes = {
				LastUpgradeCheck = 0920;
				ORGANIZATIONNAME = xiangchao;
				TargetAttributes = {
					3B58C5A21FF3A86F00F6D3FD = {
						CreatedOnToolsVersion = 9.2;
						ProvisioningStyle = Automatic;
					};
					3B58C5BA1FF3A87000F6D3FD = {
						CreatedOnToolsVersion = 9.2;
						ProvisioningStyle = Automatic;
						TestTargetID = 3B58C5A21FF3A86F00F6D3FD;
					};
					3B58C5C51FF3A87000F6D3FD = {
						CreatedOnToolsVersion = 9.2;
						ProvisioningStyle = Automatic;
						TestTargetID = 3B58C5A21FF3A86F00F6D3FD;
					};
				};
			};
			buildConfigurationList = 3B58C59E1FF3A86F00F6D3FD /* Build configuration list for PBXProject "PopoverPresentation" */;
			compatibilityVersion = "Xcode 8.0";
			developmentRegion = en;
			hasScannedForEncodings = 0;
			knownRegions = (
				en,
				Base,
			);
			mainGroup = 3B58C59A1FF3A86F00F6D3FD;
			productRefGroup = 3B58C5A41FF3A86F00F6D3FD /* Products */;
			projectDirPath = "";
			projectRoot = "";
			targets = (
				3B58C5A21FF3A86F00F6D3FD /* PopoverPresentation */,
				3B58C5BA1FF3A87000F6D3FD /* PopoverPresentationTests */,
				3B58C5C51FF3A87000F6D3FD /* PopoverPresentationUITests */,
			);
		};
/* End PBXProject section */

/* Begin PBXResourcesBuildPhase section */
		3B58C5A11FF3A86F00F6D3FD /* Resources */ = {
			isa = PBXResourcesBuildPhase;
			buildActionMask = 2147483647;
			files = (
				3B58C5B31FF3A86F00F6D3FD /* LaunchScreen.storyboard in Resources */,
				3B58C5B01FF3A86F00F6D3FD /* Assets.xcassets in Resources */,
				3B58C5AE1FF3A86F00F6D3FD /* Main.storyboard in Resources */,
			);
			runOnlyForDeploymentPostprocessing = 0;
		};
		3B58C5B91FF3A87000F6D3FD /* Resources */ = {
			isa = PBXResourcesBuildPhase;
			buildActionMask = 2147483647;
			files = (
			);
			runOnlyForDeploymentPostprocessing = 0;
		};
		3B58C5C41FF3A87000F6D3FD /* Resources */ = {
			isa = PBXResourcesBuildPhase;
			buildActionMask = 2147483647;
			files = (
			);
			runOnlyForDeploymentPostprocessing = 0;
		};
/* End PBXResourcesBuildPhase section */

/* Begin PBXSourcesBuildPhase section */
		3B58C59F1FF3A86F00F6D3FD /* Sources */ = {
			isa = PBXSourcesBuildPhase;
			buildActionMask = 2147483647;
			files = (
				3B58C5DA1FF3A8BB00F6D3FD /* UIViewController+PopoverPresent.m in Sources */,
				3B58C5DD1FF3AB8B00F6D3FD /* UIView+MJExtension.m in Sources */,
				3B58C5AB1FF3A86F00F6D3FD /* ViewController.m in Sources */,
				3B58C5B61FF3A86F00F6D3FD /* main.m in Sources */,
				3B58C5A81FF3A86F00F6D3FD /* AppDelegate.m in Sources */,
			);
			runOnlyForDeploymentPostprocessing = 0;
		};
		3B58C5B71FF3A87000F6D3FD /* Sources */ = {
			isa = PBXSourcesBuildPhase;
			buildActionMask = 2147483647;
			files = (
				3B58C5C01FF3A87000F6D3FD /* PopoverPresentationTests.m in Sources */,
			);
			runOnlyForDeploymentPostprocessing = 0;
		};
		3B58C5C21FF3A87000F6D3FD /* Sources */ = {
			isa = PBXSourcesBuildPhase;
			buildActionMask = 2147483647;
			files = (
				3B58C5CB1FF3A87000F6D3FD /* PopoverPresentationUITests.m in Sources */,
			);
			runOnlyForDeploymentPostprocessing = 0;
		};
/* End PBXSourcesBuildPhase section */

/* Begin PBXTargetDependency section */
		3B58C5BD1FF3A87000F6D3FD /* PBXTargetDependency */ = {
			isa = PBXTargetDependency;
			target = 3B58C5A21FF3A86F00F6D3FD /* PopoverPresentation */;
			targetProxy = 3B58C5BC1FF3A87000F6D3FD /* PBXContainerItemProxy */;
		};
		3B58C5C81FF3A87000F6D3FD /* PBXTargetDependency */ = {
			isa = PBXTargetDependency;
			target = 3B58C5A21FF3A86F00F6D3FD /* PopoverPresentation */;
			targetProxy = 3B58C5C71FF3A87000F6D3FD /* PBXContainerItemProxy */;
		};
/* End PBXTargetDependency section */

/* Begin PBXVariantGroup section */
		3B58C5AC1FF3A86F00F6D3FD /* Main.storyboard */ = {
			isa = PBXVariantGroup;
			children = (
				3B58C5AD1FF3A86F00F6D3FD /* Base */,
			);
			name = Main.storyboard;
			sourceTree = "<group>";
		};
		3B58C5B11FF3A86F00F6D3FD /* LaunchScreen.storyboard */ = {
			isa = PBXVariantGroup;
			children = (
				3B58C5B21FF3A86F00F6D3FD /* Base */,
			);
			name = LaunchScreen.storyboard;
			sourceTree = "<group>";
		};
/* End PBXVariantGroup section */

/* Begin XCBuildConfiguration section */
		3B58C5CD1FF3A87000F6D3FD /* Debug */ = {
			isa = XCBuildConfiguration;
			buildSettings = {
				ALWAYS_SEARCH_USER_PATHS = NO;
				CLANG_ANALYZER_NONNULL = YES;
				CLANG_ANALYZER_NUMBER_OBJECT_CONVERSION = YES_AGGRESSIVE;
				CLANG_CXX_LANGUAGE_STANDARD = "gnu++14";
				CLANG_CXX_LIBRARY = "libc++";
				CLANG_ENABLE_MODULES = YES;
				CLANG_ENABLE_OBJC_ARC = YES;
				CLANG_WARN_BLOCK_CAPTURE_AUTORELEASING = YES;
				CLANG_WARN_BOOL_CONVERSION = YES;
				CLANG_WARN_COMMA = YES;
				CLANG_WARN_CONSTANT_CONVERSION = YES;
				CLANG_WARN_DIRECT_OBJC_ISA_USAGE = YES_ERROR;
				CLANG_WARN_DOCUMENTATION_COMMENTS = YES;
				CLANG_WARN_EMPTY_BODY = YES;
				CLANG_WARN_ENUM_CONVERSION = YES;
				CLANG_WARN_INFINITE_RECURSION = YES;
				CLANG_WARN_INT_CONVERSION = YES;
				CLANG_WARN_NON_LITERAL_NULL_CONVERSION = YES;
				CLANG_WARN_OBJC_LITERAL_CONVERSION = YES;
				CLANG_WARN_OBJC_ROOT_CLASS = YES_ERROR;
				CLANG_WARN_RANGE_LOOP_ANALYSIS = YES;
				CLANG_WARN_STRICT_PROTOTYPES = YES;
				CLANG_WARN_SUSPICIOUS_MOVE = YES;
				CLANG_WARN_UNGUARDED_AVAILABILITY = YES_AGGRESSIVE;
				CLANG_WARN_UNREACHABLE_CODE = YES;
				CLANG_WARN__DUPLICATE_METHOD_MATCH = YES;
				CODE_SIGN_IDENTITY = "iPhone Developer";
				COPY_PHASE_STRIP = NO;
				DEBUG_INFORMATION_FORMAT = dwarf;
				ENABLE_STRICT_OBJC_MSGSEND = YES;
				ENABLE_TESTABILITY = YES;
				GCC_C_LANGUAGE_STANDARD = gnu11;
				GCC_DYNAMIC_NO_PIC = NO;
				GCC_NO_COMMON_BLOCKS = YES;
				GCC_OPTIMIZATION_LEVEL = 0;
				GCC_PREPROCESSOR_DEFINITIONS = (
					"DEBUG=1",
					"$(inherited)",
				);
				GCC_WARN_64_TO_32_BIT_CONVERSION = YES;
				GCC_WARN_ABOUT_RETURN_TYPE = YES_ERROR;
				GCC_WARN_UNDECLARED_SELECTOR = YES;
				GCC_WARN_UNINITIALIZED_AUTOS = YES_AGGRESSIVE;
				GCC_WARN_UNUSED_FUNCTION = YES;
				GCC_WARN_UNUSED_VARIABLE = YES;
				IPHONEOS_DEPLOYMENT_TARGET = 11.2;
				MTL_ENABLE_DEBUG_INFO = YES;
				ONLY_ACTIVE_ARCH = YES;
				SDKROOT = iphoneos;
			};
			name = Debug;
		};
		3B58C5CE1FF3A87000F6D3FD /* Release */ = {
			isa = XCBuildConfiguration;
			buildSettings = {
				ALWAYS_SEARCH_USER_PATHS = NO;
				CLANG_ANALYZER_NONNULL = YES;
				CLANG_ANALYZER_NUMBER_OBJECT_CONVERSION = YES_AGGRESSIVE;
				CLANG_CXX_LANGUAGE_STANDARD = "gnu++14";
				CLANG_CXX_LIBRARY = "libc++";
				CLANG_ENABLE_MODULES = YES;
				CLANG_ENABLE_OBJC_ARC = YES;
				CLANG_WARN_BLOCK_CAPTURE_AUTORELEASING = YES;
				CLANG_WARN_BOOL_CONVERSION = YES;
				CLANG_WARN_COMMA = YES;
				CLANG_WARN_CONSTANT_CONVERSION = YES;
				CLANG_WARN_DIRECT_OBJC_ISA_USAGE = YES_ERROR;
				CLANG_WARN_DOCUMENTATION_COMMENTS = YES;
				CLANG_WARN_EMPTY_BODY = YES;
				CLANG_WARN_ENUM_CONVERSION = YES;
				CLANG_WARN_INFINITE_RECURSION = YES;
				CLANG_WARN_INT_CONVERSION = YES;
				CLANG_WARN_NON_LITERAL_NULL_CONVERSION = YES;
				CLANG_WARN_OBJC_LITERAL_CONVERSION = YES;
				CLANG_WARN_OBJC_ROOT_CLASS = YES_ERROR;
				CLANG_WARN_RANGE_LOOP_ANALYSIS = YES;
				CLANG_WARN_STRICT_PROTOTYPES = YES;
				CLANG_WARN_SUSPICIOUS_MOVE = YES;
				CLANG_WARN_UNGUARDED_AVAILABILITY = YES_AGGRESSIVE;
				CLANG_WARN_UNREACHABLE_CODE = YES;
				CLANG_WARN__DUPLICATE_METHOD_MATCH = YES;
				CODE_SIGN_IDENTITY = "iPhone Developer";
				COPY_PHASE_STRIP = NO;
				DEBUG_INFORMATION_FORMAT = "dwarf-with-dsym";
				ENABLE_NS_ASSERTIONS = NO;
				ENABLE_STRICT_OBJC_MSGSEND = YES;
				GCC_C_LANGUAGE_STANDARD = gnu11;
				GCC_NO_COMMON_BLOCKS = YES;
				GCC_WARN_64_TO_32_BIT_CONVERSION = YES;
				GCC_WARN_ABOUT_RETURN_TYPE = YES_ERROR;
				GCC_WARN_UNDECLARED_SELECTOR = YES;
				GCC_WARN_UNINITIALIZED_AUTOS = YES_AGGRESSIVE;
				GCC_WARN_UNUSED_FUNCTION = YES;
				GCC_WARN_UNUSED_VARIABLE = YES;
				IPHONEOS_DEPLOYMENT_TARGET = 11.2;
				MTL_ENABLE_DEBUG_INFO = NO;
				SDKROOT = iphoneos;
				VALIDATE_PRODUCT = YES;
			};
			name = Release;
		};
		3B58C5D01FF3A87000F6D3FD /* Debug */ = {
			isa = XCBuildConfiguration;
			buildSettings = {
				ASSETCATALOG_COMPILER_APPICON_NAME = AppIcon;
				CODE_SIGN_STYLE = Automatic;
				DEVELOPMENT_TEAM = P7FF277Z5R;
				INFOPLIST_FILE = PopoverPresentation/Info.plist;
				IPHONEOS_DEPLOYMENT_TARGET = 8.0;
				LD_RUNPATH_SEARCH_PATHS = "$(inherited) @executable_path/Frameworks";
				PRODUCT_BUNDLE_IDENTIFIER = com.xiangchao.PopoverPresentation;
				PRODUCT_NAME = "$(TARGET_NAME)";
				TARGETED_DEVICE_FAMILY = "1,2";
			};
			name = Debug;
		};
		3B58C5D11FF3A87000F6D3FD /* Release */ = {
			isa = XCBuildConfiguration;
			buildSettings = {
				ASSETCATALOG_COMPILER_APPICON_NAME = AppIcon;
				CODE_SIGN_STYLE = Automatic;
				DEVELOPMENT_TEAM = P7FF277Z5R;
				INFOPLIST_FILE = PopoverPresentation/Info.plist;
				IPHONEOS_DEPLOYMENT_TARGET = 8.0;
				LD_RUNPATH_SEARCH_PATHS = "$(inherited) @executable_path/Frameworks";
				PRODUCT_BUNDLE_IDENTIFIER = com.xiangchao.PopoverPresentation;
				PRODUCT_NAME = "$(TARGET_NAME)";
				TARGETED_DEVICE_FAMILY = "1,2";
			};
			name = Release;
		};
		3B58C5D31FF3A87000F6D3FD /* Debug */ = {
			isa = XCBuildConfiguration;
			buildSettings = {
				BUNDLE_LOADER = "$(TEST_HOST)";
				CODE_SIGN_STYLE = Automatic;
				DEVELOPMENT_TEAM = P7FF277Z5R;
				INFOPLIST_FILE = PopoverPresentationTests/Info.plist;
				LD_RUNPATH_SEARCH_PATHS = "$(inherited) @executable_path/Frameworks @loader_path/Frameworks";
				PRODUCT_BUNDLE_IDENTIFIER = com.xiangchao.PopoverPresentationTests;
				PRODUCT_NAME = "$(TARGET_NAME)";
				TARGETED_DEVICE_FAMILY = "1,2";
				TEST_HOST = "$(BUILT_PRODUCTS_DIR)/PopoverPresentation.app/PopoverPresentation";
			};
			name = Debug;
		};
		3B58C5D41FF3A87000F6D3FD /* Release */ = {
			isa = XCBuildConfiguration;
			buildSettings = {
				BUNDLE_LOADER = "$(TEST_HOST)";
				CODE_SIGN_STYLE = Automatic;
				DEVELOPMENT_TEAM = P7FF277Z5R;
				INFOPLIST_FILE = PopoverPresentationTests/Info.plist;
				LD_RUNPATH_SEARCH_PATHS = "$(inherited) @executable_path/Frameworks @loader_path/Frameworks";
				PRODUCT_BUNDLE_IDENTIFIER = com.xiangchao.PopoverPresentationTests;
				PRODUCT_NAME = "$(TARGET_NAME)";
				TARGETED_DEVICE_FAMILY = "1,2";
				TEST_HOST = "$(BUILT_PRODUCTS_DIR)/PopoverPresentation.app/PopoverPresentation";
			};
			name = Release;
		};
		3B58C5D61FF3A87000F6D3FD /* Debug */ = {
			isa = XCBuildConfiguration;
			buildSettings = {
				CODE_SIGN_STYLE = Automatic;
				DEVELOPMENT_TEAM = P7FF277Z5R;
				INFOPLIST_FILE = PopoverPresentationUITests/Info.plist;
				LD_RUNPATH_SEARCH_PATHS = "$(inherited) @executable_path/Frameworks @loader_path/Frameworks";
				PRODUCT_BUNDLE_IDENTIFIER = com.xiangchao.PopoverPresentationUITests;
				PRODUCT_NAME = "$(TARGET_NAME)";
				TARGETED_DEVICE_FAMILY = "1,2";
				TEST_TARGET_NAME = PopoverPresentation;
			};
			name = Debug;
		};
		3B58C5D71FF3A87000F6D3FD /* Release */ = {
			isa = XCBuildConfiguration;
			buildSettings = {
				CODE_SIGN_STYLE = Automatic;
				DEVELOPMENT_TEAM = P7FF277Z5R;
				INFOPLIST_FILE = PopoverPresentationUITests/Info.plist;
				LD_RUNPATH_SEARCH_PATHS = "$(inherited) @executable_path/Frameworks @loader_path/Frameworks";
				PRODUCT_BUNDLE_IDENTIFIER = com.xiangchao.PopoverPresentationUITests;
				PRODUCT_NAME = "$(TARGET_NAME)";
				TARGETED_DEVICE_FAMILY = "1,2";
				TEST_TARGET_NAME = PopoverPresentation;
			};
			name = Release;
		};
/* End XCBuildConfiguration section */

/* Begin XCConfigurationList section */
		3B58C59E1FF3A86F00F6D3FD /* Build configuration list for PBXProject "PopoverPresentation" */ = {
			isa = XCConfigurationList;
			buildConfigurations = (
				3B58C5CD1FF3A87000F6D3FD /* Debug */,
				3B58C5CE1FF3A87000F6D3FD /* Release */,
			);
			defaultConfigurationIsVisible = 0;
			defaultConfigurationName = Release;
		};
		3B58C5CF1FF3A87000F6D3FD /* Build configuration list for PBXNativeTarget "PopoverPresentation" */ = {
			isa = XCConfigurationList;
			buildConfigurations = (
				3B58C5D01FF3A87000F6D3FD /* Debug */,
				3B58C5D11FF3A87000F6D3FD /* Release */,
			);
			defaultConfigurationIsVisible = 0;
			defaultConfigurationName = Release;
		};
		3B58C5D21FF3A87000F6D3FD /* Build configuration list for PBXNativeTarget "PopoverPresentationTests" */ = {
			isa = XCConfigurationList;
			buildConfigurations = (
				3B58C5D31FF3A87000F6D3FD /* Debug */,
				3B58C5D41FF3A87000F6D3FD /* Release */,
			);
			defaultConfigurationIsVisible = 0;
			defaultConfigurationName = Release;
		};
		3B58C5D51FF3A87000F6D3FD /* Build configuration list for PBXNativeTarget "PopoverPresentationUITests" */ = {
			isa = XCConfigurationList;
			buildConfigurations = (
				3B58C5D61FF3A87000F6D3FD /* Debug */,
				3B58C5D71FF3A87000F6D3FD /* Release */,
			);
			defaultConfigurationIsVisible = 0;
			defaultConfigurationName = Release;
		};
/* End XCConfigurationList section */
	};
	rootObject = 3B58C59B1FF3A86F00F6D3FD /* Project object */;
}
